
Microsoft Visual Studio Solution File, Format Version 12.00
# Visual Studio Version 17
VisualStudioVersion = 17.5.2.0
MinimumVisualStudioVersion = 10.0.40219.1
Project("{FAE04EC0-301F-11D3-BF4B-00C04F79EFBC}") = "ExercícioBásico1", "ExercícioBásico1.csproj", "{D6D93A0C-F0A0-09E0-960E-67DDF99F7D94}"
EndProject
Global
	GlobalSection(SolutionConfigurationPlatforms) = preSolution
		Debug|Any CPU = Debug|Any CPU
		Release|Any CPU = Release|Any CPU
	EndGlobalSection
	GlobalSection(ProjectConfigurationPlatforms) = postSolution
		{D6D93A0C-F0A0-09E0-960E-67DDF99F7D94}.Debug|Any CPU.ActiveCfg = Debug|Any CPU
		{D6D93A0C-F0A0-09E0-960E-67DDF99F7D94}.Debug|Any CPU.Build.0 = Debug|Any CPU
		{D6D93A0C-F0A0-09E0-960E-67DDF99F7D94}.Release|Any CPU.ActiveCfg = Release|Any CPU
		{D6D93A0C-F0A0-09E0-960E-67DDF99F7D94}.Release|Any CPU.Build.0 = Release|Any CPU
	EndGlobalSection
	GlobalSection(SolutionProperties) = preSolution
		HideSolutionNode = FALSE
	EndGlobalSection
	GlobalSection(ExtensibilityGlobals) = postSolution
		SolutionGuid = {2236D39F-5F28-4091-8AD8-07A763140451}
	EndGlobalSection
EndGlobal
